
Microsoft Visual Studio Solution File, Format Version 12.00
# Visual Studio 15
VisualStudioVersion = 15.0.27130.2010
MinimumVisualStudioVersion = 10.0.40219.1
Project("{FAE04EC0-301F-11D3-BF4B-00C04F79EFBC}") = "AutomationFW", "AutomationFW\AutomationFW.csproj", "{C6DD38CA-B2BD-4CE1-88DE-BB87583DF335}"
EndProject
Global
	GlobalSection(SolutionConfigurationPlatforms) = preSolution
		Debug|Any CPU = Debug|Any CPU
		Release|Any CPU = Release|Any CPU
	EndGlobalSection
	GlobalSection(ProjectConfigurationPlatforms) = postSolution
		{C6DD38CA-B2BD-4CE1-88DE-BB87583DF335}.Debug|Any CPU.ActiveCfg = Debug|Any CPU
		{C6DD38CA-B2BD-4CE1-88DE-BB87583DF335}.Debug|Any CPU.Build.0 = Debug|Any CPU
		{C6DD38CA-B2BD-4CE1-88DE-BB87583DF335}.Release|Any CPU.ActiveCfg = Release|Any CPU
		{C6DD38CA-B2BD-4CE1-88DE-BB87583DF335}.Release|Any CPU.Build.0 = Release|Any CPU
	EndGlobalSection
	GlobalSection(SolutionProperties) = preSolution
		HideSolutionNode = FALSE
	EndGlobalSection
	GlobalSection(ExtensibilityGlobals) = postSolution
		SolutionGuid = {D952A4E8-E115-422C-A73D-3AAC41454356}
	EndGlobalSection
EndGlobal
